{
    "requires": true,
    "lockfileVersion": 1,
    "dependencies": {
        "vue": {
            "version": "2.5.17",
            "resolved": "https://registry.npmjs.org/vue/-/vue-2.5.17.tgz",
            "integrity": "sha512-mFbcWoDIJi0w0Za4emyLiW72Jae0yjANHbCVquMKijcavBGypqlF7zHRgMa5k4sesdv7hv2rB4JPdZfR+TPfhQ==",
            "dev": true
        },
        "vue-router": {
            "version": "3.0.2",
            "resolved": "https://registry.npmjs.org/vue-router/-/vue-router-3.0.2.tgz",
            "integrity": "sha512-opKtsxjp9eOcFWdp6xLQPLmRGgfM932Tl56U9chYTnoWqKxQ8M20N7AkdEbM5beUh6wICoFGYugAX9vQjyJLFg=="
        }
    }
}
